// !$*UTF8*$!
{
	archiveVersion = 1;
	classes = {
	};
	objectVersion = 56;
	objects = {

/* Begin PBXBuildFile section */
		0967A56D378449C915B3978A /* Geodesy.swift in tests */ = {isa = PBXBuildFile; fileRef = 3F869AD92E754D733B99A624 /* Geodesy.swift */; };
		115ADD311B08D8897A1B22FC /* RateLimiter.swift in tests */ = {isa = PBXBuildFile; fileRef = 3411E7E1106CFF80C248B329 /* RateLimiter.swift */; };
		1B2212DB53FAD2FB9D5C6A88 /* TrackedTarget.swift in tests */ = {isa = PBXBuildFile; fileRef = 83CC38F13606EF7BB5EADCA8 /* TrackedTarget.swift */; };
		1E338E3DB34BF4FCA054E151 /* Badges.swift in app */ = {isa = PBXBuildFile; fileRef = 2CBD0FD19CA092769C2413B0 /* Badges.swift */; };
		2096AE6A7A60B1E6ADF5DA77 /* Geodesy.swift in app */ = {isa = PBXBuildFile; fileRef = 3F869AD92E754D733B99A624 /* Geodesy.swift */; };
		245F3667ABBE0B4C66BF9D06 /* ScopeGeometry.swift in app */ = {isa = PBXBuildFile; fileRef = 67D893774DA7DCE074FD16D7 /* ScopeGeometry.swift */; };
		27558E9126DEDCD0C7540E8B /* SkyWatchWidget.swift in widget */ = {isa = PBXBuildFile; fileRef = 19441C894EA6DCA27A6D6133 /* SkyWatchWidget.swift */; };
		3394C2C11DAC817B22249A28 /* Aircraft.swift in widget */ = {isa = PBXBuildFile; fileRef = 7BD55B7E9E21223542B9D228 /* Aircraft.swift */; };
		3715B38F6E4E9CE75FA866DC /* Units.swift in tests */ = {isa = PBXBuildFile; fileRef = CE2E5FCABFDD403157A767A8 /* Units.swift */; };
		37B7CC2B8617BB9186194ABA /* FailureStateView.swift in app */ = {isa = PBXBuildFile; fileRef = 7BFE00036930C6A911254B2C /* FailureStateView.swift */; };
		3AD4BCF8752ABBE75D475759 /* RateLimiter.swift in app */ = {isa = PBXBuildFile; fileRef = 3411E7E1106CFF80C248B329 /* RateLimiter.swift */; };
		3D8FA5BBA517EAA393A93AAA /* MergeTests.swift in tests */ = {isa = PBXBuildFile; fileRef = 775A259280ABE4DC05CADA5F /* MergeTests.swift */; };
		494AFCDD5DC73562BA28A0A5 /* DecodingTests.swift in tests */ = {isa = PBXBuildFile; fileRef = 0E1D5DB98E54970A2DCE2354 /* DecodingTests.swift */; };
		49A9857A09CBB5F05497FA67 /* RateLimiterTests.swift in tests */ = {isa = PBXBuildFile; fileRef = 74D7132F7132E3E2C630BEAC /* RateLimiterTests.swift */; };
		58C04FDBC4FF80C7EC2B8108 /* Palette.swift in app */ = {isa = PBXBuildFile; fileRef = A939F413633D6824EE0415F7 /* Palette.swift */; };
		6E90191C8F8FCAB325E2FABE /* Units.swift in app */ = {isa = PBXBuildFile; fileRef = CE2E5FCABFDD403157A767A8 /* Units.swift */; };
		75CB6E4D1C7732C8F4062BDC /* SharedStore.swift in widget */ = {isa = PBXBuildFile; fileRef = BD55AED8D9196D79F177F2E9 /* SharedStore.swift */; };
		776412EBB9E199C31C8DDAB0 /* Palette+Targets.swift in app */ = {isa = PBXBuildFile; fileRef = ECD9542C7CBCC676CBE7F162 /* Palette+Targets.swift */; };
		77A8194B82784FDA7DA2C802 /* ScopeGeometry.swift in tests */ = {isa = PBXBuildFile; fileRef = 67D893774DA7DCE074FD16D7 /* ScopeGeometry.swift */; };
		7A0A68FB9E191D8E74885CF4 /* Aircraft.swift in app */ = {isa = PBXBuildFile; fileRef = 7BD55B7E9E21223542B9D228 /* Aircraft.swift */; };
		7F3F8AD2502CACF145489364 /* Assets.xcassets in widget */ = {isa = PBXBuildFile; fileRef = 223D3BCC0D79CBFCF77673A2 /* Assets.xcassets */; };
		803C98E465564C1AA0EB3A01 /* PreviewData.swift in app */ = {isa = PBXBuildFile; fileRef = 6081900E8E9F3F5DC98613B2 /* PreviewData.swift */; };
		825CDD555B96B10970BFDB3E /* GeodesyTests.swift in tests */ = {isa = PBXBuildFile; fileRef = 447F231D9A46F734AEDE95E6 /* GeodesyTests.swift */; };
		88D222B0DB1C08D0A52F7826 /* SharedStore.swift in app */ = {isa = PBXBuildFile; fileRef = BD55AED8D9196D79F177F2E9 /* SharedStore.swift */; };
		92D3F9FD077990A4AE9E13A4 /* Typography.swift in app */ = {isa = PBXBuildFile; fileRef = 936B770F7CB201F82397C13A /* Typography.swift */; };
		A035B2BFCD18021B5779B4DF /* Units.swift in widget */ = {isa = PBXBuildFile; fileRef = CE2E5FCABFDD403157A767A8 /* Units.swift */; };
		A5312966FD661583587621F5 /* TrackedTarget.swift in app */ = {isa = PBXBuildFile; fileRef = 83CC38F13606EF7BB5EADCA8 /* TrackedTarget.swift */; };
		A6A3C7254F9FDF55C45AC7A5 /* RadarView.swift in app */ = {isa = PBXBuildFile; fileRef = 33948CB9D81D8480EA634CF4 /* RadarView.swift */; };
		AB71B978255A5B6A0ED47F10 /* AircraftResponse.swift in tests */ = {isa = PBXBuildFile; fileRef = 75C809DA8E9E2A0CC387E5A8 /* AircraftResponse.swift */; };
		ADCD9B7CF888B51F25B62C19 /* Haptics.swift in app */ = {isa = PBXBuildFile; fileRef = 3586B3FBD4D48B1A95804906 /* Haptics.swift */; };
		AE4C4E24C3337BFF89D1B28C /* Aircraft.swift in tests */ = {isa = PBXBuildFile; fileRef = 7BD55B7E9E21223542B9D228 /* Aircraft.swift */; };
		B12927367252316039B60A35 /* Fixtures.swift in tests */ = {isa = PBXBuildFile; fileRef = B42C9A6C9AE35D50A24FBFCF /* Fixtures.swift */; };
		B7086379498051D7D70B151E /* AircraftResponse.swift in app */ = {isa = PBXBuildFile; fileRef = 75C809DA8E9E2A0CC387E5A8 /* AircraftResponse.swift */; };
		C16882120A9CD92F1A6FC286 /* Assets.xcassets in app */ = {isa = PBXBuildFile; fileRef = 6310B04D64214F3E183A566E /* Assets.xcassets */; };
		CF26D6E5D7F39357CBE7D749 /* SkyWatchApp.swift in app */ = {isa = PBXBuildFile; fileRef = C7AFD0BDFD60B88AC47CDBBF /* SkyWatchApp.swift */; };
		D029F649711CC26D3B7948BE /* Palette.swift in widget */ = {isa = PBXBuildFile; fileRef = A939F413633D6824EE0415F7 /* Palette.swift */; };
		D1667CB10CF2D9DB8BB0C565 /* SettingsView.swift in app */ = {isa = PBXBuildFile; fileRef = 55CC6012580E05C4FC96DC88 /* SettingsView.swift */; };
		D1842B0C16BFCCEADA9F58EC /* NearestCallout.swift in app */ = {isa = PBXBuildFile; fileRef = 34F361B15166C3445F3FECCD /* NearestCallout.swift */; };
		DB44DC96E1B4B66AD86DA60E /* AircraftDetailView.swift in app */ = {isa = PBXBuildFile; fileRef = 2B210940163CCE68D69E5C0E /* AircraftDetailView.swift */; };
		E50B77EA98356344340C0EA1 /* ScanStore.swift in app */ = {isa = PBXBuildFile; fileRef = A21687414CCE1C08AFF76CA0 /* ScanStore.swift */; };
		E5894AF739B60A106BC3D733 /* LocationService.swift in app */ = {isa = PBXBuildFile; fileRef = BD05DC93E709A67C94E8ED4E /* LocationService.swift */; };
		E67D59653586B898A07E1762 /* Geodesy.swift in widget */ = {isa = PBXBuildFile; fileRef = 3F869AD92E754D733B99A624 /* Geodesy.swift */; };
		EA4438307537D0A1D6831B7C /* Preview Assets.xcassets in app */ = {isa = PBXBuildFile; fileRef = 31FCF5F88243B2A6A9E776CA /* Preview Assets.xcassets */; };
		F22B6E88AF4AFF2BADEB4BA3 /* Typography.swift in widget */ = {isa = PBXBuildFile; fileRef = 936B770F7CB201F82397C13A /* Typography.swift */; };
		F743429CFB656947D8ED8391 /* Settings.swift in app */ = {isa = PBXBuildFile; fileRef = 2BB599019BCAE70AFA876BA9 /* Settings.swift */; };
		FA9297AD34CE914A9B27D53C /* AirplanesLiveClient.swift in app */ = {isa = PBXBuildFile; fileRef = CB105CA869BA1B93F7A813CD /* AirplanesLiveClient.swift */; };
		FDD13CE6AA91E15A57025F91 /* RootView.swift in app */ = {isa = PBXBuildFile; fileRef = 09E248E7C11F759EEF947830 /* RootView.swift */; };
		FEF6D89080E939453AE60B40 /* AircraftListView.swift in app */ = {isa = PBXBuildFile; fileRef = 33836BF3409EF91C361297AC /* AircraftListView.swift */; };
		4581C7BC007749FD8877B3C7 /* SkyWatchWidget.appex in Embed Foundation Extensions */ = {isa = PBXBuildFile; fileRef = 421F511B2A0CBEB0819D8820 /* SkyWatchWidget.appex */; settings = {ATTRIBUTES = (RemoveHeadersOnCopy, ); }; };
/* End PBXBuildFile section */

/* Begin PBXCopyFilesBuildPhase, PBXFileReference and PBXGroup sections follow */

/* Begin PBXFileReference section */
		6310B04D64214F3E183A566E /* Assets.xcassets */ = {isa = PBXFileReference; lastKnownFileType = folder.assetcatalog; path = "Assets.xcassets"; sourceTree = "<group>"; };
		3586B3FBD4D48B1A95804906 /* Haptics.swift */ = {isa = PBXFileReference; lastKnownFileType = sourcecode.swift; path = "Haptics.swift"; sourceTree = "<group>"; };
		ECD9542C7CBCC676CBE7F162 /* Palette+Targets.swift */ = {isa = PBXFileReference; lastKnownFileType = sourcecode.swift; path = "Palette+Targets.swift"; sourceTree = "<group>"; };
		A939F413633D6824EE0415F7 /* Palette.swift */ = {isa = PBXFileReference; lastKnownFileType = sourcecode.swift; path = "Palette.swift"; sourceTree = "<group>"; };
		936B770F7CB201F82397C13A /* Typography.swift */ = {isa = PBXFileReference; lastKnownFileType = sourcecode.swift; path = "Typography.swift"; sourceTree = "<group>"; };
		3F869AD92E754D733B99A624 /* Geodesy.swift */ = {isa = PBXFileReference; lastKnownFileType = sourcecode.swift; path = "Geodesy.swift"; sourceTree = "<group>"; };
		1D8DD87C103FFDC54F83974A /* Info.plist */ = {isa = PBXFileReference; lastKnownFileType = text.plist.xml; path = "Info.plist"; sourceTree = "<group>"; };
		7BD55B7E9E21223542B9D228 /* Aircraft.swift */ = {isa = PBXFileReference; lastKnownFileType = sourcecode.swift; path = "Aircraft.swift"; sourceTree = "<group>"; };
		75C809DA8E9E2A0CC387E5A8 /* AircraftResponse.swift */ = {isa = PBXFileReference; lastKnownFileType = sourcecode.swift; path = "AircraftResponse.swift"; sourceTree = "<group>"; };
		2BB599019BCAE70AFA876BA9 /* Settings.swift */ = {isa = PBXFileReference; lastKnownFileType = sourcecode.swift; path = "Settings.swift"; sourceTree = "<group>"; };
		CE2E5FCABFDD403157A767A8 /* Units.swift */ = {isa = PBXFileReference; lastKnownFileType = sourcecode.swift; path = "Units.swift"; sourceTree = "<group>"; };
		31FCF5F88243B2A6A9E776CA /* Preview Assets.xcassets */ = {isa = PBXFileReference; lastKnownFileType = folder.assetcatalog; path = "Preview Assets.xcassets"; sourceTree = "<group>"; };
		CB105CA869BA1B93F7A813CD /* AirplanesLiveClient.swift */ = {isa = PBXFileReference; lastKnownFileType = sourcecode.swift; path = "AirplanesLiveClient.swift"; sourceTree = "<group>"; };
		BD05DC93E709A67C94E8ED4E /* LocationService.swift */ = {isa = PBXFileReference; lastKnownFileType = sourcecode.swift; path = "LocationService.swift"; sourceTree = "<group>"; };
		3411E7E1106CFF80C248B329 /* RateLimiter.swift */ = {isa = PBXFileReference; lastKnownFileType = sourcecode.swift; path = "RateLimiter.swift"; sourceTree = "<group>"; };
		BD55AED8D9196D79F177F2E9 /* SharedStore.swift */ = {isa = PBXFileReference; lastKnownFileType = sourcecode.swift; path = "SharedStore.swift"; sourceTree = "<group>"; };
		33190786C597DDEA72D79C50 /* SkyWatch.entitlements */ = {isa = PBXFileReference; lastKnownFileType = text.plist.entitlements; path = "SkyWatch.entitlements"; sourceTree = "<group>"; };
		C7AFD0BDFD60B88AC47CDBBF /* SkyWatchApp.swift */ = {isa = PBXFileReference; lastKnownFileType = sourcecode.swift; path = "SkyWatchApp.swift"; sourceTree = "<group>"; };
		A21687414CCE1C08AFF76CA0 /* ScanStore.swift */ = {isa = PBXFileReference; lastKnownFileType = sourcecode.swift; path = "ScanStore.swift"; sourceTree = "<group>"; };
		83CC38F13606EF7BB5EADCA8 /* TrackedTarget.swift */ = {isa = PBXFileReference; lastKnownFileType = sourcecode.swift; path = "TrackedTarget.swift"; sourceTree = "<group>"; };
		2B210940163CCE68D69E5C0E /* AircraftDetailView.swift */ = {isa = PBXFileReference; lastKnownFileType = sourcecode.swift; path = "AircraftDetailView.swift"; sourceTree = "<group>"; };
		33836BF3409EF91C361297AC /* AircraftListView.swift */ = {isa = PBXFileReference; lastKnownFileType = sourcecode.swift; path = "AircraftListView.swift"; sourceTree = "<group>"; };
		2CBD0FD19CA092769C2413B0 /* Badges.swift */ = {isa = PBXFileReference; lastKnownFileType = sourcecode.swift; path = "Badges.swift"; sourceTree = "<group>"; };
		7BFE00036930C6A911254B2C /* FailureStateView.swift */ = {isa = PBXFileReference; lastKnownFileType = sourcecode.swift; path = "FailureStateView.swift"; sourceTree = "<group>"; };
		34F361B15166C3445F3FECCD /* NearestCallout.swift */ = {isa = PBXFileReference; lastKnownFileType = sourcecode.swift; path = "NearestCallout.swift"; sourceTree = "<group>"; };
		67D893774DA7DCE074FD16D7 /* ScopeGeometry.swift */ = {isa = PBXFileReference; lastKnownFileType = sourcecode.swift; path = "ScopeGeometry.swift"; sourceTree = "<group>"; };
		6081900E8E9F3F5DC98613B2 /* PreviewData.swift */ = {isa = PBXFileReference; lastKnownFileType = sourcecode.swift; path = "PreviewData.swift"; sourceTree = "<group>"; };
		33948CB9D81D8480EA634CF4 /* RadarView.swift */ = {isa = PBXFileReference; lastKnownFileType = sourcecode.swift; path = "RadarView.swift"; sourceTree = "<group>"; };
		09E248E7C11F759EEF947830 /* RootView.swift */ = {isa = PBXFileReference; lastKnownFileType = sourcecode.swift; path = "RootView.swift"; sourceTree = "<group>"; };
		55CC6012580E05C4FC96DC88 /* SettingsView.swift */ = {isa = PBXFileReference; lastKnownFileType = sourcecode.swift; path = "SettingsView.swift"; sourceTree = "<group>"; };
		0E1D5DB98E54970A2DCE2354 /* DecodingTests.swift */ = {isa = PBXFileReference; lastKnownFileType = sourcecode.swift; path = "DecodingTests.swift"; sourceTree = "<group>"; };
		B42C9A6C9AE35D50A24FBFCF /* Fixtures.swift */ = {isa = PBXFileReference; lastKnownFileType = sourcecode.swift; path = "Fixtures.swift"; sourceTree = "<group>"; };
		447F231D9A46F734AEDE95E6 /* GeodesyTests.swift */ = {isa = PBXFileReference; lastKnownFileType = sourcecode.swift; path = "GeodesyTests.swift"; sourceTree = "<group>"; };
		775A259280ABE4DC05CADA5F /* MergeTests.swift */ = {isa = PBXFileReference; lastKnownFileType = sourcecode.swift; path = "MergeTests.swift"; sourceTree = "<group>"; };
		74D7132F7132E3E2C630BEAC /* RateLimiterTests.swift */ = {isa = PBXFileReference; lastKnownFileType = sourcecode.swift; path = "RateLimiterTests.swift"; sourceTree = "<group>"; };
		223D3BCC0D79CBFCF77673A2 /* Assets.xcassets */ = {isa = PBXFileReference; lastKnownFileType = folder.assetcatalog; path = "Assets.xcassets"; sourceTree = "<group>"; };
		114DB1DE390EC5DB421A57CC /* Info.plist */ = {isa = PBXFileReference; lastKnownFileType = text.plist.xml; path = "Info.plist"; sourceTree = "<group>"; };
		825EE7846E053B257417FA76 /* SkyWatchWidget.entitlements */ = {isa = PBXFileReference; lastKnownFileType = text.plist.entitlements; path = "SkyWatchWidget.entitlements"; sourceTree = "<group>"; };
		19441C894EA6DCA27A6D6133 /* SkyWatchWidget.swift */ = {isa = PBXFileReference; lastKnownFileType = sourcecode.swift; path = "SkyWatchWidget.swift"; sourceTree = "<group>"; };
		D6871E7FE5D3B289C2643DD7 /* SkyWatch.app */ = {isa = PBXFileReference; explicitFileType = wrapper.application; includeInIndex = 0; path = SkyWatch.app; sourceTree = BUILT_PRODUCTS_DIR; };
		421F511B2A0CBEB0819D8820 /* SkyWatchWidget.appex */ = {isa = PBXFileReference; explicitFileType = "wrapper.app-extension"; includeInIndex = 0; path = SkyWatchWidget.appex; sourceTree = BUILT_PRODUCTS_DIR; };
		465B721E281B8A67F3F41201 /* SkyWatchTests.xctest */ = {isa = PBXFileReference; explicitFileType = wrapper.cfbundle; includeInIndex = 0; path = SkyWatchTests.xctest; sourceTree = BUILT_PRODUCTS_DIR; };
/* End PBXFileReference section */

/* Begin PBXGroup section */
		96DA47688C443AB380616631 /* README.md */ = {isa = PBXFileReference; lastKnownFileType = net.daringfireball.markdown; path = README.md; sourceTree = "<group>"; };
		94E2A5E85F9A4372D4D7D916 = {
			isa = PBXGroup;
			children = (
				3586B3FBD4D48B1A95804906 /* Haptics.swift */,
				ECD9542C7CBCC676CBE7F162 /* Palette+Targets.swift */,
				A939F413633D6824EE0415F7 /* Palette.swift */,
				936B770F7CB201F82397C13A /* Typography.swift */,
			);
			path = "Design";
			sourceTree = "<group>";
		};
		41D05856CED9B5145B3CF563 = {
			isa = PBXGroup;
			children = (
				3F869AD92E754D733B99A624 /* Geodesy.swift */,
			);
			path = "Geo";
			sourceTree = "<group>";
		};
		AB7144F532D08324B02BE136 = {
			isa = PBXGroup;
			children = (
				7BD55B7E9E21223542B9D228 /* Aircraft.swift */,
				75C809DA8E9E2A0CC387E5A8 /* AircraftResponse.swift */,
				2BB599019BCAE70AFA876BA9 /* Settings.swift */,
				CE2E5FCABFDD403157A767A8 /* Units.swift */,
			);
			path = "Models";
			sourceTree = "<group>";
		};
		82577F0B9CE1FE2EA76B10CF = {
			isa = PBXGroup;
			children = (
				31FCF5F88243B2A6A9E776CA /* Preview Assets.xcassets */,
			);
			path = "Preview Content";
			sourceTree = "<group>";
		};
		B4624CD4C62C1FB5A596D36B = {
			isa = PBXGroup;
			children = (
				CB105CA869BA1B93F7A813CD /* AirplanesLiveClient.swift */,
				BD05DC93E709A67C94E8ED4E /* LocationService.swift */,
				3411E7E1106CFF80C248B329 /* RateLimiter.swift */,
				BD55AED8D9196D79F177F2E9 /* SharedStore.swift */,
			);
			path = "Services";
			sourceTree = "<group>";
		};
		1AD0F645616002FFA9C2E333 = {
			isa = PBXGroup;
			children = (
				A21687414CCE1C08AFF76CA0 /* ScanStore.swift */,
				83CC38F13606EF7BB5EADCA8 /* TrackedTarget.swift */,
			);
			path = "State";
			sourceTree = "<group>";
		};
		8A405735D1EC8DA394AF441F = {
			isa = PBXGroup;
			children = (
				2CBD0FD19CA092769C2413B0 /* Badges.swift */,
				7BFE00036930C6A911254B2C /* FailureStateView.swift */,
				34F361B15166C3445F3FECCD /* NearestCallout.swift */,
				67D893774DA7DCE074FD16D7 /* ScopeGeometry.swift */,
			);
			path = "Components";
			sourceTree = "<group>";
		};
		87B69E6C9C6774367B9A8CDB = {
			isa = PBXGroup;
			children = (
				8A405735D1EC8DA394AF441F /* Components */,
				2B210940163CCE68D69E5C0E /* AircraftDetailView.swift */,
				33836BF3409EF91C361297AC /* AircraftListView.swift */,
				6081900E8E9F3F5DC98613B2 /* PreviewData.swift */,
				33948CB9D81D8480EA634CF4 /* RadarView.swift */,
				09E248E7C11F759EEF947830 /* RootView.swift */,
				55CC6012580E05C4FC96DC88 /* SettingsView.swift */,
			);
			path = "Views";
			sourceTree = "<group>";
		};
		42A9925A615FA556762D5A5D = {
			isa = PBXGroup;
			children = (
				94E2A5E85F9A4372D4D7D916 /* Design */,
				41D05856CED9B5145B3CF563 /* Geo */,
				AB7144F532D08324B02BE136 /* Models */,
				82577F0B9CE1FE2EA76B10CF /* Preview Content */,
				B4624CD4C62C1FB5A596D36B /* Services */,
				1AD0F645616002FFA9C2E333 /* State */,
				87B69E6C9C6774367B9A8CDB /* Views */,
				6310B04D64214F3E183A566E /* Assets.xcassets */,
				1D8DD87C103FFDC54F83974A /* Info.plist */,
				33190786C597DDEA72D79C50 /* SkyWatch.entitlements */,
				C7AFD0BDFD60B88AC47CDBBF /* SkyWatchApp.swift */,
			);
			path = "SkyWatch";
			sourceTree = "<group>";
		};
		C98243FE73BA96B06321D966 = {
			isa = PBXGroup;
			children = (
				0E1D5DB98E54970A2DCE2354 /* DecodingTests.swift */,
				B42C9A6C9AE35D50A24FBFCF /* Fixtures.swift */,
				447F231D9A46F734AEDE95E6 /* GeodesyTests.swift */,
				775A259280ABE4DC05CADA5F /* MergeTests.swift */,
				74D7132F7132E3E2C630BEAC /* RateLimiterTests.swift */,
			);
			path = "SkyWatchTests";
			sourceTree = "<group>";
		};
		E4B912F699E3FB2237DB976B = {
			isa = PBXGroup;
			children = (
				223D3BCC0D79CBFCF77673A2 /* Assets.xcassets */,
				114DB1DE390EC5DB421A57CC /* Info.plist */,
				825EE7846E053B257417FA76 /* SkyWatchWidget.entitlements */,
				19441C894EA6DCA27A6D6133 /* SkyWatchWidget.swift */,
			);
			path = "SkyWatchWidget";
			sourceTree = "<group>";
		};
		F54CD936E573369F98BA3613 = {
			isa = PBXGroup;
			children = (
				D6871E7FE5D3B289C2643DD7 /* SkyWatch.app */,
				421F511B2A0CBEB0819D8820 /* SkyWatchWidget.appex */,
				465B721E281B8A67F3F41201 /* SkyWatchTests.xctest */,
			);
			name = Products;
			sourceTree = "<group>";
		};
		6AA55FE5DE5B953FE3CB9FB4 = {
			isa = PBXGroup;
			children = (
				96DA47688C443AB380616631 /* README.md */,
				42A9925A615FA556762D5A5D /* SkyWatch */,
				C98243FE73BA96B06321D966 /* SkyWatchTests */,
				E4B912F699E3FB2237DB976B /* SkyWatchWidget */,
				F54CD936E573369F98BA3613 /* Products */,
			);
			sourceTree = "<group>";
		};
/* End PBXGroup section */

/* Begin PBXSourcesBuildPhase section */
		53198DC6C37B58630585589C /* Sources */ = {
			isa = PBXSourcesBuildPhase;
			buildActionMask = 2147483647;
			files = (
				ADCD9B7CF888B51F25B62C19 /* Haptics.swift in Sources */,
				776412EBB9E199C31C8DDAB0 /* Palette+Targets.swift in Sources */,
				58C04FDBC4FF80C7EC2B8108 /* Palette.swift in Sources */,
				92D3F9FD077990A4AE9E13A4 /* Typography.swift in Sources */,
				2096AE6A7A60B1E6ADF5DA77 /* Geodesy.swift in Sources */,
				7A0A68FB9E191D8E74885CF4 /* Aircraft.swift in Sources */,
				B7086379498051D7D70B151E /* AircraftResponse.swift in Sources */,
				F743429CFB656947D8ED8391 /* Settings.swift in Sources */,
				6E90191C8F8FCAB325E2FABE /* Units.swift in Sources */,
				FA9297AD34CE914A9B27D53C /* AirplanesLiveClient.swift in Sources */,
				E5894AF739B60A106BC3D733 /* LocationService.swift in Sources */,
				3AD4BCF8752ABBE75D475759 /* RateLimiter.swift in Sources */,
				88D222B0DB1C08D0A52F7826 /* SharedStore.swift in Sources */,
				CF26D6E5D7F39357CBE7D749 /* SkyWatchApp.swift in Sources */,
				E50B77EA98356344340C0EA1 /* ScanStore.swift in Sources */,
				A5312966FD661583587621F5 /* TrackedTarget.swift in Sources */,
				DB44DC96E1B4B66AD86DA60E /* AircraftDetailView.swift in Sources */,
				FEF6D89080E939453AE60B40 /* AircraftListView.swift in Sources */,
				1E338E3DB34BF4FCA054E151 /* Badges.swift in Sources */,
				37B7CC2B8617BB9186194ABA /* FailureStateView.swift in Sources */,
				D1842B0C16BFCCEADA9F58EC /* NearestCallout.swift in Sources */,
				245F3667ABBE0B4C66BF9D06 /* ScopeGeometry.swift in Sources */,
				803C98E465564C1AA0EB3A01 /* PreviewData.swift in Sources */,
				A6A3C7254F9FDF55C45AC7A5 /* RadarView.swift in Sources */,
				FDD13CE6AA91E15A57025F91 /* RootView.swift in Sources */,
				D1667CB10CF2D9DB8BB0C565 /* SettingsView.swift in Sources */,
			);
			runOnlyForDeploymentPostprocessing = 0;
		};
		50E2B841045CA28A43DA5A50 /* Sources */ = {
			isa = PBXSourcesBuildPhase;
			buildActionMask = 2147483647;
			files = (
				27558E9126DEDCD0C7540E8B /* SkyWatchWidget.swift in Sources */,
				E67D59653586B898A07E1762 /* Geodesy.swift in Sources */,
				3394C2C11DAC817B22249A28 /* Aircraft.swift in Sources */,
				A035B2BFCD18021B5779B4DF /* Units.swift in Sources */,
				75CB6E4D1C7732C8F4062BDC /* SharedStore.swift in Sources */,
				D029F649711CC26D3B7948BE /* Palette.swift in Sources */,
				F22B6E88AF4AFF2BADEB4BA3 /* Typography.swift in Sources */,
			);
			runOnlyForDeploymentPostprocessing = 0;
		};
		F315267672199E5C6DE6A6E3 /* Sources */ = {
			isa = PBXSourcesBuildPhase;
			buildActionMask = 2147483647;
			files = (
				494AFCDD5DC73562BA28A0A5 /* DecodingTests.swift in Sources */,
				B12927367252316039B60A35 /* Fixtures.swift in Sources */,
				825CDD555B96B10970BFDB3E /* GeodesyTests.swift in Sources */,
				3D8FA5BBA517EAA393A93AAA /* MergeTests.swift in Sources */,
				49A9857A09CBB5F05497FA67 /* RateLimiterTests.swift in Sources */,
				0967A56D378449C915B3978A /* Geodesy.swift in Sources */,
				AE4C4E24C3337BFF89D1B28C /* Aircraft.swift in Sources */,
				AB71B978255A5B6A0ED47F10 /* AircraftResponse.swift in Sources */,
				3715B38F6E4E9CE75FA866DC /* Units.swift in Sources */,
				115ADD311B08D8897A1B22FC /* RateLimiter.swift in Sources */,
				1B2212DB53FAD2FB9D5C6A88 /* TrackedTarget.swift in Sources */,
				77A8194B82784FDA7DA2C802 /* ScopeGeometry.swift in Sources */,
			);
			runOnlyForDeploymentPostprocessing = 0;
		};
/* End PBXSourcesBuildPhase section */

/* Begin PBXResourcesBuildPhase section */
		81AD946F3CFB886263B716CC /* Resources */ = {
			isa = PBXResourcesBuildPhase;
			buildActionMask = 2147483647;
			files = (
				C16882120A9CD92F1A6FC286 /* Assets.xcassets in Resources */,
				EA4438307537D0A1D6831B7C /* Preview Assets.xcassets in Resources */,
			);
			runOnlyForDeploymentPostprocessing = 0;
		};
		1314266ABB0037EDD3335E60 /* Resources */ = {
			isa = PBXResourcesBuildPhase;
			buildActionMask = 2147483647;
			files = (
				7F3F8AD2502CACF145489364 /* Assets.xcassets in Resources */,
			);
			runOnlyForDeploymentPostprocessing = 0;
		};
/* End PBXResourcesBuildPhase section */

/* Begin PBXFrameworksBuildPhase section */
		953746E9467872522866BED5 /* Frameworks */ = {
			isa = PBXFrameworksBuildPhase;
			buildActionMask = 2147483647;
			files = (
			);
			runOnlyForDeploymentPostprocessing = 0;
		};
		A94FF979FE4AA3C45312633B /* Frameworks */ = {
			isa = PBXFrameworksBuildPhase;
			buildActionMask = 2147483647;
			files = (
			);
			runOnlyForDeploymentPostprocessing = 0;
		};
		0EA8BDA1A2C61D3C175C11B9 /* Frameworks */ = {
			isa = PBXFrameworksBuildPhase;
			buildActionMask = 2147483647;
			files = (
			);
			runOnlyForDeploymentPostprocessing = 0;
		};
/* End PBXFrameworksBuildPhase section */

/* Begin PBXCopyFilesBuildPhase section */
		1EA9ABB02F22CD41C7D0C101 /* Embed Foundation Extensions */ = {
			isa = PBXCopyFilesBuildPhase;
			buildActionMask = 2147483647;
			dstPath = "";
			dstSubfolderSpec = 13;
			files = (
				4581C7BC007749FD8877B3C7 /* SkyWatchWidget.appex in Embed Foundation Extensions */,
			);
			name = "Embed Foundation Extensions";
			runOnlyForDeploymentPostprocessing = 0;
		};
/* End PBXCopyFilesBuildPhase section */

/* Begin PBXNativeTarget section */
		7DD0A2F01353ED35078A4D5C /* SkyWatch */ = {
			isa = PBXNativeTarget;
			buildConfigurationList = CCB3B54F744F4CDC237DEB30 /* Build configuration list for PBXNativeTarget "SkyWatch" */;
			buildPhases = (
				53198DC6C37B58630585589C /* Sources */,
				953746E9467872522866BED5 /* Frameworks */,
				81AD946F3CFB886263B716CC /* Resources */,
				1EA9ABB02F22CD41C7D0C101 /* Embed Foundation Extensions */,
			);
			buildRules = (
			);
			dependencies = (
				1A5BA99C11F97893CDA67C01 /* PBXTargetDependency */,
			);
			name = SkyWatch;
			productName = SkyWatch;
			productReference = D6871E7FE5D3B289C2643DD7 /* SkyWatch.app */;
			productType = "com.apple.product-type.application";
		};
		EA971122DBA5ED8255B9A99F /* SkyWatchWidget */ = {
			isa = PBXNativeTarget;
			buildConfigurationList = B41D23D467F43993E1EC6380 /* Build configuration list for PBXNativeTarget "SkyWatchWidget" */;
			buildPhases = (
				50E2B841045CA28A43DA5A50 /* Sources */,
				A94FF979FE4AA3C45312633B /* Frameworks */,
				1314266ABB0037EDD3335E60 /* Resources */,
			);
			buildRules = (
			);
			dependencies = (
			);
			name = SkyWatchWidget;
			productName = SkyWatchWidget;
			productReference = 421F511B2A0CBEB0819D8820 /* SkyWatchWidget.appex */;
			productType = "com.apple.product-type.app-extension";
		};
		416165E5D44795A49D73FC46 /* SkyWatchTests */ = {
			isa = PBXNativeTarget;
			buildConfigurationList = 5A3F312B7C5FECBC7FA4BFA3 /* Build configuration list for PBXNativeTarget "SkyWatchTests" */;
			buildPhases = (
				F315267672199E5C6DE6A6E3 /* Sources */,
				0EA8BDA1A2C61D3C175C11B9 /* Frameworks */,
			);
			buildRules = (
			);
			dependencies = (
			);
			name = SkyWatchTests;
			productName = SkyWatchTests;
			productReference = 465B721E281B8A67F3F41201 /* SkyWatchTests.xctest */;
			productType = "com.apple.product-type.bundle.unit-test";
		};
/* End PBXNativeTarget section */

/* Begin PBXTargetDependency section */
		1A5BA99C11F97893CDA67C01 /* PBXTargetDependency */ = {
			isa = PBXTargetDependency;
			target = EA971122DBA5ED8255B9A99F /* SkyWatchWidget */;
			targetProxy = FD09EB3DCF0AC8D8D29F513F /* PBXContainerItemProxy */;
		};
/* End PBXTargetDependency section */

/* Begin PBXContainerItemProxy section */
		FD09EB3DCF0AC8D8D29F513F /* PBXContainerItemProxy */ = {
			isa = PBXContainerItemProxy;
			containerPortal = 244210E48437B6556980A702 /* Project object */;
			proxyType = 1;
			remoteGlobalIDString = EA971122DBA5ED8255B9A99F;
			remoteInfo = SkyWatchWidget;
		};
/* End PBXContainerItemProxy section */

/* Begin PBXProject section */
		244210E48437B6556980A702 /* Project object */ = {
			isa = PBXProject;
			attributes = {
				BuildIndependentTargetsInParallel = 1;
				LastSwiftUpdateCheck = 2600;
				LastUpgradeCheck = 2600;
				TargetAttributes = {
					7DD0A2F01353ED35078A4D5C = {
						CreatedOnToolsVersion = 26.0;
					};
					EA971122DBA5ED8255B9A99F = {
						CreatedOnToolsVersion = 26.0;
					};
					416165E5D44795A49D73FC46 = {
						CreatedOnToolsVersion = 26.0;
					};
				};
			};
			buildConfigurationList = 37928145B18B5DBA39E2513D /* Build configuration list for PBXProject "SkyWatch" */;
			compatibilityVersion = "Xcode 15.0";
			developmentRegion = en;
			hasScannedForEncodings = 0;
			knownRegions = (
				en,
				Base,
			);
			mainGroup = 6AA55FE5DE5B953FE3CB9FB4;
			productRefGroup = F54CD936E573369F98BA3613 /* Products */;
			projectDirPath = "";
			projectRoot = "";
			targets = (
				7DD0A2F01353ED35078A4D5C /* SkyWatch */,
				EA971122DBA5ED8255B9A99F /* SkyWatchWidget */,
				416165E5D44795A49D73FC46 /* SkyWatchTests */,
			);
		};
/* End PBXProject section */

/* Begin XCBuildConfiguration section */
		1F49A4206840F62A80A1ED1D /* Debug */ = {
			isa = XCBuildConfiguration;
			buildSettings = {
				ALWAYS_SEARCH_USER_PATHS = NO;
				ASSETCATALOG_COMPILER_GENERATE_SWIFT_ASSET_SYMBOL_EXTENSIONS = YES;
				CLANG_ANALYZER_NONNULL = YES;
				CLANG_ENABLE_MODULES = YES;
				CLANG_ENABLE_OBJC_ARC = YES;
				CLANG_WARN_DOCUMENTATION_COMMENTS = YES;
				CLANG_WARN_UNGUARDED_AVAILABILITY = YES_AGGRESSIVE;
				COPY_PHASE_STRIP = NO;
				DEBUG_INFORMATION_FORMAT = dwarf;
				ENABLE_STRICT_OBJC_MSGSEND = YES;
				ENABLE_TESTABILITY = YES;
				ENABLE_USER_SCRIPT_SANDBOXING = YES;
				GCC_C_LANGUAGE_STANDARD = gnu17;
				GCC_DYNAMIC_NO_PIC = NO;
				GCC_NO_COMMON_BLOCKS = YES;
				GCC_OPTIMIZATION_LEVEL = 0;
				GCC_PREPROCESSOR_DEFINITIONS = (
					"DEBUG=1",
					"$(inherited)",
				);
				GCC_WARN_UNDECLARED_SELECTOR = YES;
				GCC_WARN_UNINITIALIZED_AUTOS = YES_AGGRESSIVE;
				GCC_WARN_UNUSED_FUNCTION = YES;
				GCC_WARN_UNUSED_VARIABLE = YES;
				LOCALIZATION_PREFERS_STRING_CATALOGS = YES;
				MTL_ENABLE_DEBUG_INFO = INCLUDE_SOURCE;
				MTL_FAST_MATH = YES;
				ONLY_ACTIVE_ARCH = YES;
				SDKROOT = watchos;
				SWIFT_ACTIVE_COMPILATION_CONDITIONS = "DEBUG $(inherited)";
				SWIFT_OPTIMIZATION_LEVEL = "-Onone";
				SWIFT_STRICT_CONCURRENCY = complete;
				SWIFT_TREAT_WARNINGS_AS_ERRORS = NO;
				SWIFT_VERSION = 6.0;
				TARGETED_DEVICE_FAMILY = 4;
				WATCHOS_DEPLOYMENT_TARGET = 26.0;
			};
			name = Debug;
		};
		45780A7196EBA4DED1F76FC7 /* Release */ = {
			isa = XCBuildConfiguration;
			buildSettings = {
				ALWAYS_SEARCH_USER_PATHS = NO;
				ASSETCATALOG_COMPILER_GENERATE_SWIFT_ASSET_SYMBOL_EXTENSIONS = YES;
				CLANG_ANALYZER_NONNULL = YES;
				CLANG_ENABLE_MODULES = YES;
				CLANG_ENABLE_OBJC_ARC = YES;
				CLANG_WARN_DOCUMENTATION_COMMENTS = YES;
				CLANG_WARN_UNGUARDED_AVAILABILITY = YES_AGGRESSIVE;
				COPY_PHASE_STRIP = NO;
				DEBUG_INFORMATION_FORMAT = "dwarf-with-dsym";
				ENABLE_NS_ASSERTIONS = NO;
				ENABLE_STRICT_OBJC_MSGSEND = YES;
				ENABLE_USER_SCRIPT_SANDBOXING = YES;
				GCC_C_LANGUAGE_STANDARD = gnu17;
				GCC_NO_COMMON_BLOCKS = YES;
				GCC_WARN_UNDECLARED_SELECTOR = YES;
				GCC_WARN_UNINITIALIZED_AUTOS = YES_AGGRESSIVE;
				GCC_WARN_UNUSED_FUNCTION = YES;
				GCC_WARN_UNUSED_VARIABLE = YES;
				LOCALIZATION_PREFERS_STRING_CATALOGS = YES;
				MTL_ENABLE_DEBUG_INFO = NO;
				MTL_FAST_MATH = YES;
				SDKROOT = watchos;
				SWIFT_COMPILATION_MODE = wholemodule;
				SWIFT_STRICT_CONCURRENCY = complete;
				SWIFT_TREAT_WARNINGS_AS_ERRORS = NO;
				SWIFT_VERSION = 6.0;
				TARGETED_DEVICE_FAMILY = 4;
				VALIDATE_PRODUCT = YES;
				WATCHOS_DEPLOYMENT_TARGET = 26.0;
			};
			name = Release;
		};
		79D59B786BAFF1DA9063A23A /* Debug */ = {
			isa = XCBuildConfiguration;
			buildSettings = {
				ASSETCATALOG_COMPILER_APPICON_NAME = AppIcon;
				ASSETCATALOG_COMPILER_GLOBAL_ACCENT_COLOR_NAME = AccentColor;
				CODE_SIGN_ENTITLEMENTS = SkyWatch/SkyWatch.entitlements;
				CODE_SIGN_STYLE = Automatic;
				CURRENT_PROJECT_VERSION = 1;
				DEVELOPMENT_ASSET_PATHS = "\"SkyWatch/Preview Content\"";
				ENABLE_PREVIEWS = YES;
				GENERATE_INFOPLIST_FILE = NO;
				INFOPLIST_FILE = SkyWatch/Info.plist;
				INFOPLIST_KEY_CFBundleDisplayName = SkyWatch;
				MARKETING_VERSION = 1.0;
				PRODUCT_BUNDLE_IDENTIFIER = com.fmz.skywatch;
				PRODUCT_NAME = "$(TARGET_NAME)";
				SKIP_INSTALL = NO;
				SWIFT_EMIT_LOC_STRINGS = YES;
			};
			name = Debug;
		};
		12A56D47EE3A9D0630AF03FC /* Release */ = {
			isa = XCBuildConfiguration;
			buildSettings = {
				ASSETCATALOG_COMPILER_APPICON_NAME = AppIcon;
				ASSETCATALOG_COMPILER_GLOBAL_ACCENT_COLOR_NAME = AccentColor;
				CODE_SIGN_ENTITLEMENTS = SkyWatch/SkyWatch.entitlements;
				CODE_SIGN_IDENTITY = "Apple Distribution";
				CODE_SIGN_STYLE = Manual;
				CURRENT_PROJECT_VERSION = 1;
				DEVELOPMENT_ASSET_PATHS = "\"SkyWatch/Preview Content\"";
				DEVELOPMENT_TEAM = S232V5F699;
				ENABLE_PREVIEWS = YES;
				GENERATE_INFOPLIST_FILE = NO;
				INFOPLIST_FILE = SkyWatch/Info.plist;
				INFOPLIST_KEY_CFBundleDisplayName = SkyWatch;
				MARKETING_VERSION = 1.0;
				PRODUCT_BUNDLE_IDENTIFIER = com.fmz.skywatch;
				PRODUCT_NAME = "$(TARGET_NAME)";
				PROVISIONING_PROFILE_SPECIFIER = "$(PROFILE_NAME)";
				SKIP_INSTALL = NO;
				SWIFT_EMIT_LOC_STRINGS = YES;
			};
			name = Release;
		};
		AB94FAA5E5A577E7EBEB890E /* Debug */ = {
			isa = XCBuildConfiguration;
			buildSettings = {
				ASSETCATALOG_COMPILER_GLOBAL_ACCENT_COLOR_NAME = AccentColor;
				ASSETCATALOG_COMPILER_WIDGET_BACKGROUND_COLOR_NAME = WidgetBackground;
				CODE_SIGN_ENTITLEMENTS = SkyWatchWidget/SkyWatchWidget.entitlements;
				CODE_SIGN_STYLE = Automatic;
				CURRENT_PROJECT_VERSION = 1;
				ENABLE_PREVIEWS = YES;
				GENERATE_INFOPLIST_FILE = NO;
				INFOPLIST_FILE = SkyWatchWidget/Info.plist;
				INFOPLIST_KEY_CFBundleDisplayName = SkyWatch;
				MARKETING_VERSION = 1.0;
				PRODUCT_BUNDLE_IDENTIFIER = com.fmz.skywatch.widget;
				PRODUCT_NAME = "$(TARGET_NAME)";
				SKIP_INSTALL = YES;
				SWIFT_EMIT_LOC_STRINGS = YES;
			};
			name = Debug;
		};
		36B1DE136E74AF8147BE1928 /* Release */ = {
			isa = XCBuildConfiguration;
			buildSettings = {
				ASSETCATALOG_COMPILER_GLOBAL_ACCENT_COLOR_NAME = AccentColor;
				ASSETCATALOG_COMPILER_WIDGET_BACKGROUND_COLOR_NAME = WidgetBackground;
				CODE_SIGN_ENTITLEMENTS = SkyWatchWidget/SkyWatchWidget.entitlements;
				CODE_SIGN_IDENTITY = "Apple Distribution";
				CODE_SIGN_STYLE = Manual;
				CURRENT_PROJECT_VERSION = 1;
				DEVELOPMENT_TEAM = S232V5F699;
				ENABLE_PREVIEWS = YES;
				GENERATE_INFOPLIST_FILE = NO;
				INFOPLIST_FILE = SkyWatchWidget/Info.plist;
				INFOPLIST_KEY_CFBundleDisplayName = SkyWatch;
				MARKETING_VERSION = 1.0;
				PRODUCT_BUNDLE_IDENTIFIER = com.fmz.skywatch.widget;
				PRODUCT_NAME = "$(TARGET_NAME)";
				PROVISIONING_PROFILE_SPECIFIER = "$(PROFILE_NAME_SHAREEXT)";
				SKIP_INSTALL = YES;
				SWIFT_EMIT_LOC_STRINGS = YES;
			};
			name = Release;
		};
		011778E6D7C5AF6D27C04759 /* Debug */ = {
			isa = XCBuildConfiguration;
			buildSettings = {
				CODE_SIGN_STYLE = Automatic;
				CURRENT_PROJECT_VERSION = 1;
				GENERATE_INFOPLIST_FILE = YES;
				MARKETING_VERSION = 1.0;
				PRODUCT_BUNDLE_IDENTIFIER = com.fmz.skywatch.tests;
				PRODUCT_NAME = "$(TARGET_NAME)";
				SKIP_INSTALL = YES;
				SWIFT_EMIT_LOC_STRINGS = NO;
			};
			name = Debug;
		};
		CDDD69A28F63E9B8B7EFEF02 /* Release */ = {
			isa = XCBuildConfiguration;
			buildSettings = {
				CODE_SIGN_STYLE = Automatic;
				CURRENT_PROJECT_VERSION = 1;
				GENERATE_INFOPLIST_FILE = YES;
				MARKETING_VERSION = 1.0;
				PRODUCT_BUNDLE_IDENTIFIER = com.fmz.skywatch.tests;
				PRODUCT_NAME = "$(TARGET_NAME)";
				SKIP_INSTALL = YES;
				SWIFT_EMIT_LOC_STRINGS = NO;
			};
			name = Release;
		};
/* End XCBuildConfiguration section */

/* Begin XCConfigurationList section */
		37928145B18B5DBA39E2513D /* Build configuration list for PBXProject "SkyWatch" */ = {
			isa = XCConfigurationList;
			buildConfigurations = (
				1F49A4206840F62A80A1ED1D /* Debug */,
				45780A7196EBA4DED1F76FC7 /* Release */,
			);
			defaultConfigurationIsVisible = 0;
			defaultConfigurationName = Release;
		};
		CCB3B54F744F4CDC237DEB30 /* Build configuration list for PBXNativeTarget "SkyWatch" */ = {
			isa = XCConfigurationList;
			buildConfigurations = (
				79D59B786BAFF1DA9063A23A /* Debug */,
				12A56D47EE3A9D0630AF03FC /* Release */,
			);
			defaultConfigurationIsVisible = 0;
			defaultConfigurationName = Release;
		};
		B41D23D467F43993E1EC6380 /* Build configuration list for PBXNativeTarget "SkyWatchWidget" */ = {
			isa = XCConfigurationList;
			buildConfigurations = (
				AB94FAA5E5A577E7EBEB890E /* Debug */,
				36B1DE136E74AF8147BE1928 /* Release */,
			);
			defaultConfigurationIsVisible = 0;
			defaultConfigurationName = Release;
		};
		5A3F312B7C5FECBC7FA4BFA3 /* Build configuration list for PBXNativeTarget "SkyWatchTests" */ = {
			isa = XCConfigurationList;
			buildConfigurations = (
				011778E6D7C5AF6D27C04759 /* Debug */,
				CDDD69A28F63E9B8B7EFEF02 /* Release */,
			);
			defaultConfigurationIsVisible = 0;
			defaultConfigurationName = Release;
		};
/* End XCConfigurationList section */

	};
	rootObject = 244210E48437B6556980A702 /* Project object */;
}
